// !$*UTF8*$!
{
	archiveVersion = 1;
	classes = {
	};
	objectVersion = 48;
	objects = {

/* Begin PBXBuildFile section */
		77B3E5B420A41B8100D93519 /* AppDelegate.swift in Sources */ = {isa = PBXBuildFile; fileRef = 77B3E5B320A41B8100D93519 /* AppDelegate.swift */; };
		77B3E5B620A41B8100D93519 /* CategoriesVC.swift in Sources */ = {isa = PBXBuildFile; fileRef = 77B3E5B520A41B8100D93519 /* CategoriesVC.swift */; };
		77B3E5B920A41B8100D93519 /* Main.storyboard in Resources */ = {isa = PBXBuildFile; fileRef = 77B3E5B720A41B8100D93519 /* Main.storyboard */; };
		77B3E5BB20A41B8100D93519 /* Assets.xcassets in Resources */ = {isa = PBXBuildFile; fileRef = 77B3E5BA20A41B8100D93519 /* Assets.xcassets */; };
		77B3E5BE20A41B8100D93519 /* LaunchScreen.storyboard in Resources */ = {isa = PBXBuildFile; fileRef = 77B3E5BC20A41B8100D93519 /* LaunchScreen.storyboard */; };
		77B9EA0220BC57140009E3D7 /* CategoryCell.swift in Sources */ = {isa = PBXBuildFile; fileRef = 77B9EA0120BC57140009E3D7 /* CategoryCell.swift */; };
		77B9EA0420C109A50009E3D7 /* Category.swift in Sources */ = {isa = PBXBuildFile; fileRef = 77B9EA0320C109A50009E3D7 /* Category.swift */; };
		77B9EA0720C3B9B90009E3D7 /* DataService.swift in Sources */ = {isa = PBXBuildFile; fileRef = 77B9EA0620C3B9B90009E3D7 /* DataService.swift */; };
/* End PBXBuildFile section */

/* Begin PBXFileReference section */
		77B3E5B020A41B8100D93519 /* coder-swag.app */ = {isa = PBXFileReference; explicitFileType = wrapper.application; includeInIndex = 0; path = "coder-swag.app"; sourceTree = BUILT_PRODUCTS_DIR; };
		77B3E5B320A41B8100D93519 /* AppDelegate.swift */ = {isa = PBXFileReference; lastKnownFileType = sourcecode.swift; path = AppDelegate.swift; sourceTree = "<group>"; };
		77B3E5B520A41B8100D93519 /* CategoriesVC.swift */ = {isa = PBXFileReference; lastKnownFileType = sourcecode.swift; path = CategoriesVC.swift; sourceTree = "<group>"; };
		77B3E5B820A41B8100D93519 /* Base */ = {isa = PBXFileReference; lastKnownFileType = file.storyboard; name = Base; path = Base.lproj/Main.storyboard; sourceTree = "<group>"; };
		77B3E5BA20A41B8100D93519 /* Assets.xcassets */ = {isa = PBXFileReference; lastKnownFileType = folder.assetcatalog; path = Assets.xcassets; sourceTree = "<group>"; };
		77B3E5BD20A41B8100D93519 /* Base */ = {isa = PBXFileReference; lastKnownFileType = file.storyboard; name = Base; path = Base.lproj/LaunchScreen.storyboard; sourceTree = "<group>"; };
		77B3E5BF20A41B8100D93519 /* Info.plist */ = {isa = PBXFileReference; lastKnownFileType = text.plist.xml; path = Info.plist; sourceTree = "<group>"; };
		77B9EA0120BC57140009E3D7 /* CategoryCell.swift */ = {isa = PBXFileReference; lastKnownFileType = sourcecode.swift; path = CategoryCell.swift; sourceTree = "<group>"; };
		77B9EA0320C109A50009E3D7 /* Category.swift */ = {isa = PBXFileReference; lastKnownFileType = sourcecode.swift; path = Category.swift; sourceTree = "<group>"; };
		77B9EA0620C3B9B90009E3D7 /* DataService.swift */ = {isa = PBXFileReference; lastKnownFileType = sourcecode.swift; path = DataService.swift; sourceTree = "<group>"; };
/* End PBXFileReference section */

/* Begin PBXFrameworksBuildPhase section */
		77B3E5AD20A41B8100D93519 /* Frameworks */ = {
			isa = PBXFrameworksBuildPhase;
			buildActionMask = 2147483647;
			files = (
			);
			runOnlyForDeploymentPostprocessing = 0;
		};
/* End PBXFrameworksBuildPhase section */

/* Begin PBXGroup section */
		77B3E5A720A41B8000D93519 = {
			isa = PBXGroup;
			children = (
				77B3E5B220A41B8100D93519 /* coder-swag */,
				77B3E5B120A41B8100D93519 /* Products */,
			);
			sourceTree = "<group>";
		};
		77B3E5B120A41B8100D93519 /* Products */ = {
			isa = PBXGroup;
			children = (
				77B3E5B020A41B8100D93519 /* coder-swag.app */,
			);
			name = Products;
			sourceTree = "<group>";
		};
		77B3E5B220A41B8100D93519 /* coder-swag */ = {
			isa = PBXGroup;
			children = (
				77B9EA0520C3B98A0009E3D7 /* Services */,
				77B9EA0020BC56DE0009E3D7 /* Model */,
				77B9E9FF20BC56D50009E3D7 /* View */,
				77B9E9FE20BC56C00009E3D7 /* Controllers */,
				77B3E5B320A41B8100D93519 /* AppDelegate.swift */,
				77B3E5B720A41B8100D93519 /* Main.storyboard */,
				77B3E5BA20A41B8100D93519 /* Assets.xcassets */,
				77B3E5BC20A41B8100D93519 /* LaunchScreen.storyboard */,
				77B3E5BF20A41B8100D93519 /* Info.plist */,
			);
			path = "coder-swag";
			sourceTree = "<group>";
		};
		77B9E9FE20BC56C00009E3D7 /* Controllers */ = {
			isa = PBXGroup;
			children = (
				77B3E5B520A41B8100D93519 /* CategoriesVC.swift */,
			);
			path = Controllers;
			sourceTree = "<group>";
		};
		77B9E9FF20BC56D50009E3D7 /* View */ = {
			isa = PBXGroup;
			children = (
				77B9EA0120BC57140009E3D7 /* CategoryCell.swift */,
			);
			path = View;
			sourceTree = "<group>";
		};
		77B9EA0020BC56DE0009E3D7 /* Model */ = {
			isa = PBXGroup;
			children = (
				77B9EA0320C109A50009E3D7 /* Category.swift */,
			);
			path = Model;
			sourceTree = "<group>";
		};
		77B9EA0520C3B98A0009E3D7 /* Services */ = {
			isa = PBXGroup;
			children = (
				77B9EA0620C3B9B90009E3D7 /* DataService.swift */,
			);
			path = Services;
			sourceTree = "<group>";
		};
/* End PBXGroup section */

/* Begin PBXNativeTarget section */
		77B3E5AF20A41B8100D93519 /* coder-swag */ = {
			isa = PBXNativeTarget;
			buildConfigurationList = 77B3E5C220A41B8100D93519 /* Build configuration list for PBXNativeTarget "coder-swag" */;
			buildPhases = (
				77B3E5AC20A41B8100D93519 /* Sources */,
				77B3E5AD20A41B8100D93519 /* Frameworks */,
				77B3E5AE20A41B8100D93519 /* Resources */,
			);
			buildRules = (
			);
			dependencies = (
			);
			name = "coder-swag";
			productName = "coder-swag";
			productReference = 77B3E5B020A41B8100D93519 /* coder-swag.app */;
			productType = "com.apple.product-type.application";
		};
/* End PBXNativeTarget section */

/* Begin PBXProject section */
		77B3E5A820A41B8000D93519 /* Project object */ = {
			isa = PBXProject;
			attributes = {
				LastSwiftUpdateCheck = 0920;
				LastUpgradeCheck = 0920;
				ORGANIZATIONNAME = "Dakotah Moss";
				TargetAttributes = {
					77B3E5AF20A41B8100D93519 = {
						CreatedOnToolsVersion = 9.2;
						ProvisioningStyle = Automatic;
					};
				};
			};
			buildConfigurationList = 77B3E5AB20A41B8000D93519 /* Build configuration list for PBXProject "coder-swag" */;
			compatibilityVersion = "Xcode 8.0";
			developmentRegion = en;
			hasScannedForEncodings = 0;
			knownRegions = (
				en,
				Base,
			);
			mainGroup = 77B3E5A720A41B8000D93519;
			productRefGroup = 77B3E5B120A41B8100D93519 /* Products */;
			projectDirPath = "";
			projectRoot = "";
			targets = (
				77B3E5AF20A41B8100D93519 /* coder-swag */,
			);
		};
/* End PBXProject section */

/* Begin PBXResourcesBuildPhase section */
		77B3E5AE20A41B8100D93519 /* Resources */ = {
			isa = PBXResourcesBuildPhase;
			buildActionMask = 2147483647;
			files = (
				77B3E5BE20A41B8100D93519 /* LaunchScreen.storyboard in Resources */,
				77B3E5BB20A41B8100D93519 /* Assets.xcassets in Resources */,
				77B3E5B920A41B8100D93519 /* Main.storyboard in Resources */,
			);
			runOnlyForDeploymentPostprocessing = 0;
		};
/* End PBXResourcesBuildPhase section */

/* Begin PBXSourcesBuildPhase section */
		77B3E5AC20A41B8100D93519 /* Sources */ = {
			isa = PBXSourcesBuildPhase;
			buildActionMask = 2147483647;
			files = (
				77B3E5B620A41B8100D93519 /* CategoriesVC.swift in Sources */,
				77B3E5B420A41B8100D93519 /* AppDelegate.swift in Sources */,
				77B9EA0220BC57140009E3D7 /* CategoryCell.swift in Sources */,
				77B9EA0420C109A50009E3D7 /* Category.swift in Sources */,
				77B9EA0720C3B9B90009E3D7 /* DataService.swift in Sources */,
			);
			runOnlyForDeploymentPostprocessing = 0;
		};
/* End PBXSourcesBuildPhase section */

/* Begin PBXVariantGroup section */
		77B3E5B720A41B8100D93519 /* Main.storyboard */ = {
			isa = PBXVariantGroup;
			children = (
				77B3E5B820A41B8100D93519 /* Base */,
			);
			name = Main.storyboard;
			sourceTree = "<group>";
		};
		77B3E5BC20A41B8100D93519 /* LaunchScreen.storyboard */ = {
			isa = PBXVariantGroup;
			children = (
				77B3E5BD20A41B8100D93519 /* Base */,
			);
			name = LaunchScreen.storyboard;
			sourceTree = "<group>";
		};
/* End PBXVariantGroup section */

/* Begin XCBuildConfiguration section */
		77B3E5C020A41B8100D93519 /* Debug */ = {
			isa = XCBuildConfiguration;
			buildSettings = {
				ALWAYS_SEARCH_USER_PATHS = NO;
				CLANG_ANALYZER_NONNULL = YES;
				CLANG_ANALYZER_NUMBER_OBJECT_CONVERSION = YES_AGGRESSIVE;
				CLANG_CXX_LANGUAGE_STANDARD = "gnu++14";
				CLANG_CXX_LIBRARY = "libc++";
				CLANG_ENABLE_MODULES = YES;
				CLANG_ENABLE_OBJC_ARC = YES;
				CLANG_WARN_BLOCK_CAPTURE_AUTORELEASING = YES;
				CLANG_WARN_BOOL_CONVERSION = YES;
				CLANG_WARN_COMMA = YES;
				CLANG_WARN_CONSTANT_CONVERSION = YES;
				CLANG_WARN_DIRECT_OBJC_ISA_USAGE = YES_ERROR;
				CLANG_WARN_DOCUMENTATION_COMMENTS = YES;
				CLANG_WARN_EMPTY_BODY = YES;
				CLANG_WARN_ENUM_CONVERSION = YES;
				CLANG_WARN_INFINITE_RECURSION = YES;
				CLANG_WARN_INT_CONVERSION = YES;
				CLANG_WARN_NON_LITERAL_NULL_CONVERSION = YES;
				CLANG_WARN_OBJC_LITERAL_CONVERSION = YES;
				CLANG_WARN_OBJC_ROOT_CLASS = YES_ERROR;
				CLANG_WARN_RANGE_LOOP_ANALYSIS = YES;
				CLANG_WARN_STRICT_PROTOTYPES = YES;
				CLANG_WARN_SUSPICIOUS_MOVE = YES;
				CLANG_WARN_UNGUARDED_AVAILABILITY = YES_AGGRESSIVE;
				CLANG_WARN_UNREACHABLE_CODE = YES;
				CLANG_WARN__DUPLICATE_METHOD_MATCH = YES;
				CODE_SIGN_IDENTITY = "iPhone Developer";
				COPY_PHASE_STRIP = NO;
				DEBUG_INFORMATION_FORMAT = dwarf;
				ENABLE_STRICT_OBJC_MSGSEND = YES;
				ENABLE_TESTABILITY = YES;
				GCC_C_LANGUAGE_STANDARD = gnu11;
				GCC_DYNAMIC_NO_PIC = NO;
				GCC_NO_COMMON_BLOCKS = YES;
				GCC_OPTIMIZATION_LEVEL = 0;
				GCC_PREPROCESSOR_DEFINITIONS = (
					"DEBUG=1",
					"$(inherited)",
				);
				GCC_WARN_64_TO_32_BIT_CONVERSION = YES;
				GCC_WARN_ABOUT_RETURN_TYPE = YES_ERROR;
				GCC_WARN_UNDECLARED_SELECTOR = YES;
				GCC_WARN_UNINITIALIZED_AUTOS = YES_AGGRESSIVE;
				GCC_WARN_UNUSED_FUNCTION = YES;
				GCC_WARN_UNUSED_VARIABLE = YES;
				IPHONEOS_DEPLOYMENT_TARGET = 11.2;
				MTL_ENABLE_DEBUG_INFO = YES;
				ONLY_ACTIVE_ARCH = YES;
				SDKROOT = iphoneos;
				SWIFT_ACTIVE_COMPILATION_CONDITIONS = DEBUG;
				SWIFT_OPTIMIZATION_LEVEL = "-Onone";
			};
			name = Debug;
		};
		77B3E5C120A41B8100D93519 /* Release */ = {
			isa = XCBuildConfiguration;
			buildSettings = {
				ALWAYS_SEARCH_USER_PATHS = NO;
				CLANG_ANALYZER_NONNULL = YES;
				CLANG_ANALYZER_NUMBER_OBJECT_CONVERSION = YES_AGGRESSIVE;
				CLANG_CXX_LANGUAGE_STANDARD = "gnu++14";
				CLANG_CXX_LIBRARY = "libc++";
				CLANG_ENABLE_MODULES = YES;
				CLANG_ENABLE_OBJC_ARC = YES;
				CLANG_WARN_BLOCK_CAPTURE_AUTORELEASING = YES;
				CLANG_WARN_BOOL_CONVERSION = YES;
				CLANG_WARN_COMMA = YES;
				CLANG_WARN_CONSTANT_CONVERSION = YES;
				CLANG_WARN_DIRECT_OBJC_ISA_USAGE = YES_ERROR;
				CLANG_WARN_DOCUMENTATION_COMMENTS = YES;
				CLANG_WARN_EMPTY_BODY = YES;
				CLANG_WARN_ENUM_CONVERSION = YES;
				CLANG_WARN_INFINITE_RECURSION = YES;
				CLANG_WARN_INT_CONVERSION = YES;
				CLANG_WARN_NON_LITERAL_NULL_CONVERSION = YES;
				CLANG_WARN_OBJC_LITERAL_CONVERSION = YES;
				CLANG_WARN_OBJC_ROOT_CLASS = YES_ERROR;
				CLANG_WARN_RANGE_LOOP_ANALYSIS = YES;
				CLANG_WARN_STRICT_PROTOTYPES = YES;
				CLANG_WARN_SUSPICIOUS_MOVE = YES;
				CLANG_WARN_UNGUARDED_AVAILABILITY = YES_AGGRESSIVE;
				CLANG_WARN_UNREACHABLE_CODE = YES;
				CLANG_WARN__DUPLICATE_METHOD_MATCH = YES;
				CODE_SIGN_IDENTITY = "iPhone Developer";
				COPY_PHASE_STRIP = NO;
				DEBUG_INFORMATION_FORMAT = "dwarf-with-dsym";
				ENABLE_NS_ASSERTIONS = NO;
				ENABLE_STRICT_OBJC_MSGSEND = YES;
				GCC_C_LANGUAGE_STANDARD = gnu11;
				GCC_NO_COMMON_BLOCKS = YES;
				GCC_WARN_64_TO_32_BIT_CONVERSION = YES;
				GCC_WARN_ABOUT_RETURN_TYPE = YES_ERROR;
				GCC_WARN_UNDECLARED_SELECTOR = YES;
				GCC_WARN_UNINITIALIZED_AUTOS = YES_AGGRESSIVE;
				GCC_WARN_UNUSED_FUNCTION = YES;
				GCC_WARN_UNUSED_VARIABLE = YES;
				IPHONEOS_DEPLOYMENT_TARGET = 11.2;
				MTL_ENABLE_DEBUG_INFO = NO;
				SDKROOT = iphoneos;
				SWIFT_OPTIMIZATION_LEVEL = "-Owholemodule";
				VALIDATE_PRODUCT = YES;
			};
			name = Release;
		};
		77B3E5C320A41B8100D93519 /* Debug */ = {
			isa = XCBuildConfiguration;
			buildSettings = {
				ASSETCATALOG_COMPILER_APPICON_NAME = AppIcon;
				CODE_SIGN_STYLE = Automatic;
				DEVELOPMENT_TEAM = RS694U46WB;
				INFOPLIST_FILE = "coder-swag/Info.plist";
				LD_RUNPATH_SEARCH_PATHS = "$(inherited) @executable_path/Frameworks";
				PRODUCT_BUNDLE_IDENTIFIER = "com.rskybsns.coder-swag";
				PRODUCT_NAME = "$(TARGET_NAME)";
				SWIFT_VERSION = 4.0;
				TARGETED_DEVICE_FAMILY = "1,2";
			};
			name = Debug;
		};
		77B3E5C420A41B8100D93519 /* Release */ = {
			isa = XCBuildConfiguration;
			buildSettings = {
				ASSETCATALOG_COMPILER_APPICON_NAME = AppIcon;
				CODE_SIGN_STYLE = Automatic;
				DEVELOPMENT_TEAM = RS694U46WB;
				INFOPLIST_FILE = "coder-swag/Info.plist";
				LD_RUNPATH_SEARCH_PATHS = "$(inherited) @executable_path/Frameworks";
				PRODUCT_BUNDLE_IDENTIFIER = "com.rskybsns.coder-swag";
				PRODUCT_NAME = "$(TARGET_NAME)";
				SWIFT_VERSION = 4.0;
				TARGETED_DEVICE_FAMILY = "1,2";
			};
			name = Release;
		};
/* End XCBuildConfiguration section */

/* Begin XCConfigurationList section */
		77B3E5AB20A41B8000D93519 /* Build configuration list for PBXProject "coder-swag" */ = {
			isa = XCConfigurationList;
			buildConfigurations = (
				77B3E5C020A41B8100D93519 /* Debug */,
				77B3E5C120A41B8100D93519 /* Release */,
			);
			defaultConfigurationIsVisible = 0;
			defaultConfigurationName = Release;
		};
		77B3E5C220A41B8100D93519 /* Build configuration list for PBXNativeTarget "coder-swag" */ = {
			isa = XCConfigurationList;
			buildConfigurations = (
				77B3E5C320A41B8100D93519 /* Debug */,
				77B3E5C420A41B8100D93519 /* Release */,
			);
			defaultConfigurationIsVisible = 0;
			defaultConfigurationName = Release;
		};
/* End XCConfigurationList section */
	};
	rootObject = 77B3E5A820A41B8000D93519 /* Project object */;
}
